
Microsoft Visual Studio Solution File, Format Version 12.00
# Visual Studio Version 18
VisualStudioVersion = 18.6.11822.322 stable
MinimumVisualStudioVersion = 10.0.40219.1
Project("{FAE04EC0-301F-11D3-BF4B-00C04F79EFBC}") = "LogisticCompany", "LogisticCompany\LogisticCompany.csproj", "{901B05AA-9399-4E84-9CF7-0E58F73F6B19}"
EndProject
Project("{FAE04EC0-301F-11D3-BF4B-00C04F79EFBC}") = "LogisticCompanyApi", "LogisticCompanyApi\LogisticCompanyApi.csproj", "{17237253-5A16-482F-87FC-7B315A28468F}"
EndProject
Global
	GlobalSection(SolutionConfigurationPlatforms) = preSolution
		Debug|Any CPU = Debug|Any CPU
		Release|Any CPU = Release|Any CPU
	EndGlobalSection
	GlobalSection(ProjectConfigurationPlatforms) = postSolution
		{901B05AA-9399-4E84-9CF7-0E58F73F6B19}.Debug|Any CPU.ActiveCfg = Debug|Any CPU
		{901B05AA-9399-4E84-9CF7-0E58F73F6B19}.Debug|Any CPU.Build.0 = Debug|Any CPU
		{901B05AA-9399-4E84-9CF7-0E58F73F6B19}.Release|Any CPU.ActiveCfg = Release|Any CPU
		{901B05AA-9399-4E84-9CF7-0E58F73F6B19}.Release|Any CPU.Build.0 = Release|Any CPU
		{17237253-5A16-482F-87FC-7B315A28468F}.Debug|Any CPU.ActiveCfg = Debug|Any CPU
		{17237253-5A16-482F-87FC-7B315A28468F}.Debug|Any CPU.Build.0 = Debug|Any CPU
		{17237253-5A16-482F-87FC-7B315A28468F}.Release|Any CPU.ActiveCfg = Release|Any CPU
		{17237253-5A16-482F-87FC-7B315A28468F}.Release|Any CPU.Build.0 = Release|Any CPU
	EndGlobalSection
	GlobalSection(SolutionProperties) = preSolution
		HideSolutionNode = FALSE
	EndGlobalSection
	GlobalSection(ExtensibilityGlobals) = postSolution
		SolutionGuid = {1848C7A2-E67D-4E76-B78A-9FAB4F182D34}
	EndGlobalSection
EndGlobal
